{
  "version": "2",
  "remote": {
    "https://crux.land/api/get/2KNRVU.ts": "6a77d55844aba78d01520c5ff0b2f0af7f24cc1716a0de8b3bb6bd918c47b5ba",
    "https://deno.land/std@0.125.0/_deno_unstable.ts": "1cb49fd91da8dba86043d461a5d74a8c0c45406b102ef46e17231b1e8cd2e941",
    "https://deno.land/std@0.125.0/_util/assert.ts": "6396c1bd0361c4939e7f32f9b03efffcd04b640a1b206ed67058553d6cb59cc4",
    "https://deno.land/std@0.125.0/_util/os.ts": "49b92edea1e82ba295ec946de8ffd956ed123e2948d9bd1d3e901b04e4307617",
    "https://deno.land/std@0.125.0/async/deadline.ts": "edbdf6cd7a5e3337c4c24c9b616491f8f1d61d36fc415d5d5b4af33557de0d23",
    "https://deno.land/std@0.125.0/async/debounce.ts": "3cf9306b4e9038ee3238111e338f412ecf3541b1a97ba9fc1f960be8af5a5f39",
    "https://deno.land/std@0.125.0/async/deferred.ts": "677692a2399d4cabbc45e06abe4f585afd6196c59e24a98edb866598af9f0eef",
    "https://deno.land/std@0.125.0/async/delay.ts": "f38013c800f5129b14fdbf41fb4f4fbaf9525f69f4266946e14d0cf57c830b0c",
    "https://deno.land/std@0.125.0/async/mod.ts": "a28709190a1966cb50e5815ef269bb588ee192373cde73b1096641820dc52a36",
    "https://deno.land/std@0.125.0/async/mux_async_iterator.ts": "35561f258d32c77170f9d1faf3d650890fb6502d5fe12f505c050b4ea1aee899",
    "https://deno.land/std@0.125.0/async/pool.ts": "97b0dd27c69544e374df857a40902e74e39532f226005543eabacb551e277082",
    "https://deno.land/std@0.125.0/async/tee.ts": "518c7bfd5184c8cd92b47115026a6a2243e81d83e2c3e71c2aa5cdb5988998b1",
    "https://deno.land/std@0.125.0/bytes/bytes_list.ts": "cfe63225fc153a1ae8f18c1d68d979e131906487664719d92771642b6587b11c",
    "https://deno.land/std@0.125.0/bytes/equals.ts": "6f38a72d4a75a1232fe984e5fb362b962c2e9bec6385f4ca13252e1ca53dba00",
    "https://deno.land/std@0.125.0/bytes/mod.ts": "ed5c42feb746c3709d186787346004f97301dc076b33434653e451efd8efcf6a",
    "https://deno.land/std@0.125.0/encoding/_yaml/dumper/dumper.ts": "51998d88c46f2720bf6c2d16416873a0501f69ea8648faf270cba41ad54a5580",
    "https://deno.land/std@0.125.0/encoding/_yaml/dumper/dumper_state.ts": "3c1bc8519c1832f0f136856881b97f0b42f64b7968767dbc36b8b0b6cae963dc",
    "https://deno.land/std@0.125.0/encoding/_yaml/error.ts": "1bc6abd61524c55a1258c4c5b57191ef96c337d3952604beb55f380ad18ac9d4",
    "https://deno.land/std@0.125.0/encoding/_yaml/loader/loader.ts": "d429d545bfed666f2e00572b6694eb70f6c7639926ff4889524e676eeccf9a8b",
    "https://deno.land/std@0.125.0/encoding/_yaml/loader/loader_state.ts": "59124e56d864274ce4043dca8bf63e937c6e960e4ad120465e424b38f3469b2d",
    "https://deno.land/std@0.125.0/encoding/_yaml/mark.ts": "7f67f43755b2602fefe52012eb3ab627880da97edd0f6c00f916ceb2ddb1b5d1",
    "https://deno.land/std@0.125.0/encoding/_yaml/parse.ts": "8f362dc01401099263d73a4bfa00bc90ea456d202507d62a11dfcfeac74484f5",
    "https://deno.land/std@0.125.0/encoding/_yaml/schema.ts": "83717fbf829f1caba84ff02e468c8792c47491fd202b1d95776ed0d8f58ea559",
    "https://deno.land/std@0.125.0/encoding/_yaml/schema/core.ts": "bcb47a389d596369fbfccf73a6b221ac3ca5440149b4f6df1e707f2efc6854ef",
    "https://deno.land/std@0.125.0/encoding/_yaml/schema/default.ts": "8b6bd9cb1cab07a3397e1cc3843edba6ad40d1bd15687c1f56cd977da834d984",
    "https://deno.land/std@0.125.0/encoding/_yaml/schema/extended.ts": "5e0bfd9a28c7a82ba40fc7ff7890df7469ec85390320349974acbc627ae1be88",
    "https://deno.land/std@0.125.0/encoding/_yaml/schema/failsafe.ts": "7254a9ca0dff8f30377098622812e55c4535aaf352fecb4ec51939e596bd74e7",
    "https://deno.land/std@0.125.0/encoding/_yaml/schema/json.ts": "2205d0d3d3377de56f92ac0f4a82bf561ea0d7b86eb195c9f0c32c7c7871d78f",
    "https://deno.land/std@0.125.0/encoding/_yaml/schema/mod.ts": "6769df6082aceee9849f71168f4353ba4f92e4a2a5a429a422debac13a593d4e",
    "https://deno.land/std@0.125.0/encoding/_yaml/state.ts": "374b8dc170417beccb364e543b25eef73576196f4a526836bb3a621b87a204a3",
    "https://deno.land/std@0.125.0/encoding/_yaml/stringify.ts": "ec15035c1928f96f4e42c0a0e9f3082512e294fd6b8ff6a0403a3ee9282f69aa",
    "https://deno.land/std@0.125.0/encoding/_yaml/type.ts": "95ad0cdbab49343b1527ebc7762c477726c34702438375be6781b44e03e9fcfc",
    "https://deno.land/std@0.125.0/encoding/_yaml/type/binary.ts": "8ae1bdeebe090133b1d1e1ef8427d5ea03f8b6f8944bd2eca578c81330700b0a",
    "https://deno.land/std@0.125.0/encoding/_yaml/type/bool.ts": "95c030531adc3d66a59979dc25c2fcdeb1f58ae40a91d6f9e9a537af0fd2b5a4",
    "https://deno.land/std@0.125.0/encoding/_yaml/type/float.ts": "0c39a6a3bb7cd90178c5bcdeb73a7b6865482db5b8b0495883289a8bc2d541fb",
    "https://deno.land/std@0.125.0/encoding/_yaml/type/function.ts": "b5642dda5ef8d47c0325a2b89a022cbce3be45ba21f8c4f9202364d967c6b3e5",
    "https://deno.land/std@0.125.0/encoding/_yaml/type/int.ts": "7197cba96ad8ad3c596ca34a364dacdf91ef396c462c6c2daecbdec056353f3d",
    "https://deno.land/std@0.125.0/encoding/_yaml/type/map.ts": "78bf5447d2e3f79d59bf7cb63a76ca7797854a0d8e2154c6fd35775c4e5c8c61",
    "https://deno.land/std@0.125.0/encoding/_yaml/type/merge.ts": "094b272e6087c6aef39cd9617fa6603ec934e507faad6c276d293e2734f9b083",
    "https://deno.land/std@0.125.0/encoding/_yaml/type/mod.ts": "b2f267dc0b0296cf8f6109aa129e2cf6d1e1f8c59f8903f0330c18749eca2d3c",
    "https://deno.land/std@0.125.0/encoding/_yaml/type/nil.ts": "1988843acab56e99e883cd047c40cc7fb799b6d335f541f022ae3b914abcbe35",
    "https://deno.land/std@0.125.0/encoding/_yaml/type/omap.ts": "fd3f2f9a8ae634996da84d021353ac8bf4b41e714f2711159d756d0e2f3aabd1",
    "https://deno.land/std@0.125.0/encoding/_yaml/type/pairs.ts": "90736f87b6e39a144205a235d8851f7bebf6bb3835fd03742c30253d5ecd7ec5",
    "https://deno.land/std@0.125.0/encoding/_yaml/type/regexp.ts": "a9e70491fa7ede8689b933d81142aa7635a253733a4df626bd479c55cb64222e",
    "https://deno.land/std@0.125.0/encoding/_yaml/type/seq.ts": "135f37a1b6dcb3688bc0dad0c9dc3a04370b1fc94267960586ea23877ffd3088",
    "https://deno.land/std@0.125.0/encoding/_yaml/type/set.ts": "2937ac0e1ce8c121a4009e74568e341e2a380fdb5f41f16050ce2ca7537b2bd8",
    "https://deno.land/std@0.125.0/encoding/_yaml/type/str.ts": "6420d3a0099d9fbc35861241b7dad65b800ff3909efe71ab71c895326187ab8d",
    "https://deno.land/std@0.125.0/encoding/_yaml/type/timestamp.ts": "3db0667dd9bdc3b3f0e8596fff023e87bc9fca230a545bb67d0bf3b732c1c656",
    "https://deno.land/std@0.125.0/encoding/_yaml/type/undefined.ts": "5b595082d064cf50a3345f5fdda8c02beb0768e9d97d4bd4c53ac81a9f94e185",
    "https://deno.land/std@0.125.0/encoding/_yaml/utils.ts": "c7e6bf055b08fffe700c7cbdfa2939cab7b9676ff75b6dc98d72d41b3b173d37",
    "https://deno.land/std@0.125.0/encoding/yaml.ts": "6760095814791325684cd146d10d49eef32bc4328a0516bf88fac9dc2cffa423",
    "https://deno.land/std@0.125.0/fmt/colors.ts": "870f10d440af4c309ab7bff97266d8ddb2c8a69039bcbd33253c8bfc14502116",
    "https://deno.land/std@0.125.0/fs/_util.ts": "0fb24eb4bfebc2c194fb1afdb42b9c3dda12e368f43e8f2321f84fc77d42cb0f",
    "https://deno.land/std@0.125.0/fs/copy.ts": "9248d1492599957af8c693ceb10a432b09f0b0b61c60a4d6aff29b0c7d3a17b3",
    "https://deno.land/std@0.125.0/fs/empty_dir.ts": "7274d87160de34cbed0531e284df383045cf43543bbeadeb97feac598bd8f3c5",
    "https://deno.land/std@0.125.0/fs/ensure_dir.ts": "9dc109c27df4098b9fc12d949612ae5c9c7169507660dcf9ad90631833209d9d",
    "https://deno.land/std@0.125.0/fs/ensure_file.ts": "7d353e64fee3d4d1e7c6b6726a2a5e987ba402c15fb49566309042887349c545",
    "https://deno.land/std@0.125.0/fs/ensure_link.ts": "489e23df9fe3e6636048b5830ddf0f111eb29621eb85719255ad9bd645f3471b",
    "https://deno.land/std@0.125.0/fs/ensure_symlink.ts": "88dc83de1bc90ed883dd458c2d2eae3d5834a4617d12925734836e1f0803b274",
    "https://deno.land/std@0.125.0/fs/eol.ts": "ebd5061ae0ce1936b4d019c928c77c420b32e61cf472681c644fe377ccf4774d",
    "https://deno.land/std@0.125.0/fs/exists.ts": "cb734d872f8554ea40b8bff77ad33d4143c1187eac621a55bf37781a43c56f6d",
    "https://deno.land/std@0.125.0/fs/expand_glob.ts": "0c10130d67c9b02164b03df8e43c6d6defbf8e395cb69d09e84a8586e6d72ac3",
    "https://deno.land/std@0.125.0/fs/mod.ts": "4dc052c461c171abb5c25f6e0f218ab838a716230930b534ba351745864b7d6d",
    "https://deno.land/std@0.125.0/fs/move.ts": "0573cedcf583f09a9494f2dfccbf67de68a93629942d6b5e6e74a9e45d4e8a2e",
    "https://deno.land/std@0.125.0/fs/walk.ts": "117403ccd21fd322febe56ba06053b1ad5064c802170f19b1ea43214088fe95f",
    "https://deno.land/std@0.125.0/io/buffer.ts": "22a7e7c6f693a9c3547d0caa2dcae2a5582cb5b1bec22b28322d0352a9209e34",
    "https://deno.land/std@0.125.0/io/types.d.ts": "01f60ae7ec02675b5dbed150d258fc184a78dfe5c209ef53ba4422b46b58822c",
    "https://deno.land/std@0.125.0/path/_constants.ts": "df1db3ffa6dd6d1252cc9617e5d72165cd2483df90e93833e13580687b6083c3",
    "https://deno.land/std@0.125.0/path/_interface.ts": "ee3b431a336b80cf445441109d089b70d87d5e248f4f90ff906820889ecf8d09",
    "https://deno.land/std@0.125.0/path/_util.ts": "c1e9686d0164e29f7d880b2158971d805b6e0efc3110d0b3e24e4b8af2190d2b",
    "https://deno.land/std@0.125.0/path/common.ts": "bee563630abd2d97f99d83c96c2fa0cca7cee103e8cb4e7699ec4d5db7bd2633",
    "https://deno.land/std@0.125.0/path/glob.ts": "cb5255638de1048973c3e69e420c77dc04f75755524cb3b2e160fe9277d939ee",
    "https://deno.land/std@0.125.0/path/mod.ts": "4275129bb766f0e475ecc5246aa35689eeade419d72a48355203f31802640be7",
    "https://deno.land/std@0.125.0/path/posix.ts": "663e4a6fe30a145f56aa41a22d95114c4c5582d8b57d2d7c9ed27ad2c47636bb",
    "https://deno.land/std@0.125.0/path/separator.ts": "fe1816cb765a8068afb3e8f13ad272351c85cbc739af56dacfc7d93d710fe0f9",
    "https://deno.land/std@0.125.0/path/win32.ts": "e7bdf63e8d9982b4d8a01ef5689425c93310ece950e517476e22af10f41a136e",
    "https://deno.land/std@0.125.0/permissions/mod.ts": "aede9c82587f26bb13832e147befa8f90d6865fbf6bf56c0aa21ec83fcdafdda",
    "https://deno.land/std@0.165.0/_util/asserts.ts": "d0844e9b62510f89ce1f9878b046f6a57bf88f208a10304aab50efcb48365272",
    "https://deno.land/std@0.165.0/_util/os.ts": "8a33345f74990e627b9dfe2de9b040004b08ea5146c7c9e8fe9a29070d193934",
    "https://deno.land/std@0.165.0/node/_utils.ts": "1085a229e910b3a6672f3c3be05507591811dc67be2ae2188e9fc9ef4376b172",
    "https://deno.land/std@0.165.0/node/internal/error_codes.ts": "ac03c4eae33de3a69d6c98e8678003207eecf75a6900eb847e3fea3c8c9e6d8f",
    "https://deno.land/std@0.165.0/node/internal_binding/_libuv_winerror.ts": "801e05c2742ae6cd42a5f0fd555a255a7308a65732551e962e5345f55eedc519",
    "https://deno.land/std@0.165.0/node/internal_binding/_winerror.ts": "8811d4be66f918c165370b619259c1f35e8c3e458b8539db64c704fbde0a7cd2",
    "https://deno.land/std@0.165.0/node/internal_binding/constants.ts": "f4afc504137fb21f3908ab549931604968dfa62432b285a0874f41c4cade9ed2",
    "https://deno.land/std@0.165.0/node/internal_binding/uv.ts": "3a63eebe0b69334bab5e9f037aadde1aef59ab21ab0e4cd01ac588d919be2c75",
    "https://deno.land/std@0.165.0/node/perf_hooks.ts": "521454a3e74f0af6a2aad91fa59a22a2c7be19698106a0fbbbcf22ac33764105",
    "https://deno.land/std@0.168.0/_util/asserts.ts": "d0844e9b62510f89ce1f9878b046f6a57bf88f208a10304aab50efcb48365272",
    "https://deno.land/std@0.168.0/_util/os.ts": "8a33345f74990e627b9dfe2de9b040004b08ea5146c7c9e8fe9a29070d193934",
    "https://deno.land/std@0.168.0/fmt/colors.ts": "03ad95e543d2808bc43c17a3dd29d25b43d0f16287fe562a0be89bf632454a12",
    "https://deno.land/std@0.168.0/fs/_util.ts": "fdc156f897197f261a1c096dcf8ff9267ed0ff42bd5b31f55053a4763a4bae3b",
    "https://deno.land/std@0.168.0/fs/copy.ts": "c6303e52f544c81271c929931f5b59c9cfa4f81930719d2d3f777188c38aac9f",
    "https://deno.land/std@0.168.0/fs/empty_dir.ts": "453d6232ff109f2afb5e57ec14c3228e399205c1b408d85536aed7230290c414",
    "https://deno.land/std@0.168.0/fs/ensure_dir.ts": "5e9e3d7da7fc5b5e391e6d9ccead17086d76e82fb46ccc7cc9b9ee3491bab6e0",
    "https://deno.land/std@0.168.0/fs/ensure_file.ts": "76ef3a8ebef60d8da1fc4316fcb8e20c1b6f52b1baed3a9692ad3b0d1a9a1b03",
    "https://deno.land/std@0.168.0/fs/ensure_link.ts": "adc8919063e26819f5971a0010fedc1bfd71d6350a24db1a36dff432bc35c7d7",
    "https://deno.land/std@0.168.0/fs/ensure_symlink.ts": "5273557b8c50be69477aa9cb003b54ff2240a336db52a40851c97abce76b96ab",
    "https://deno.land/std@0.168.0/fs/eol.ts": "6e784ff8120c8d5589cb258e56dc39bc5b408ac9827a2e914163cbf9f2e3ce92",
    "https://deno.land/std@0.168.0/fs/exists.ts": "6a447912e49eb79cc640adacfbf4b0baf8e17ede6d5bed057062ce33c4fa0d68",
    "https://deno.land/std@0.168.0/fs/expand_glob.ts": "3a92ee4921d2b063b8dfefd1d87c35bf81126f0f1cb16e5a0f4e9ecb88ec6fe3",
    "https://deno.land/std@0.168.0/fs/mod.ts": "79c209c6e66903b3426f9245a4f216380a0ed47ffe9d253f5a61a0bc9ad1f314",
    "https://deno.land/std@0.168.0/fs/move.ts": "02ab1fc9b744da8b496f406e9fc77b0bf7960b6faaa7ec9f5fb0a129e5bef215",
    "https://deno.land/std@0.168.0/fs/walk.ts": "677eac2e5386217a7a4e7526769ae28b41ff4ae7a3cd0389f3aa4eb662545edd",
    "https://deno.land/std@0.168.0/path/_constants.ts": "df1db3ffa6dd6d1252cc9617e5d72165cd2483df90e93833e13580687b6083c3",
    "https://deno.land/std@0.168.0/path/_interface.ts": "ee3b431a336b80cf445441109d089b70d87d5e248f4f90ff906820889ecf8d09",
    "https://deno.land/std@0.168.0/path/_util.ts": "d16be2a16e1204b65f9d0dfc54a9bc472cafe5f4a190b3c8471ec2016ccd1677",
    "https://deno.land/std@0.168.0/path/common.ts": "bee563630abd2d97f99d83c96c2fa0cca7cee103e8cb4e7699ec4d5db7bd2633",
    "https://deno.land/std@0.168.0/path/glob.ts": "81cc6c72be002cd546c7a22d1f263f82f63f37fe0035d9726aa96fc8f6e4afa1",
    "https://deno.land/std@0.168.0/path/mod.ts": "cf7cec7ac11b7048bb66af8ae03513e66595c279c65cfa12bfc07d9599608b78",
    "https://deno.land/std@0.168.0/path/posix.ts": "b859684bc4d80edfd4cad0a82371b50c716330bed51143d6dcdbe59e6278b30c",
    "https://deno.land/std@0.168.0/path/separator.ts": "fe1816cb765a8068afb3e8f13ad272351c85cbc739af56dacfc7d93d710fe0f9",
    "https://deno.land/std@0.168.0/path/win32.ts": "7cebd2bda6657371adc00061a1d23fdd87bcdf64b4843bb148b0b24c11b40f69",
    "https://deno.land/std@0.168.0/testing/_diff.ts": "a23e7fc2b4d8daa3e158fa06856bedf5334ce2a2831e8bf9e509717f455adb2c",
    "https://deno.land/std@0.168.0/testing/_format.ts": "cd11136e1797791045e639e9f0f4640d5b4166148796cad37e6ef75f7d7f3832",
    "https://deno.land/std@0.168.0/testing/asserts.ts": "51353e79437361d4b02d8e32f3fc83b22231bc8f8d4c841d86fd32b0b0afe940",
    "https://deno.land/std@0.168.0/testing/snapshot.ts": "721480723b386ce4c4082de51892ecbdf6a900ef5d8878f78d15938165b251f4",
    "https://deno.land/std@0.170.0/_util/asserts.ts": "d0844e9b62510f89ce1f9878b046f6a57bf88f208a10304aab50efcb48365272",
    "https://deno.land/std@0.170.0/bytes/copy.ts": "d14a58f188a997ee0d2ba696d0c82a42f4fb4b6705e90a4238b77d7644dae24c",
    "https://deno.land/std@0.170.0/fmt/colors.ts": "03ad95e543d2808bc43c17a3dd29d25b43d0f16287fe562a0be89bf632454a12",
    "https://deno.land/std@0.170.0/fs/exists.ts": "6a447912e49eb79cc640adacfbf4b0baf8e17ede6d5bed057062ce33c4fa0d68",
    "https://deno.land/std@0.170.0/io/buf_writer.ts": "b1ee5325cec3386596c67b1c7510bfc7e42b2f505060fe2e9d6536cdefdbb30c",
    "https://deno.land/std@0.170.0/io/types.d.ts": "790d3a3fa6b7f298d4cfbcf8bfd9d4be595c1b1acaa3eebb3009177df98bf93c",
    "https://deno.land/std@0.170.0/log/handlers.ts": "b79b5eaf8681b17c507d9d0c2de22853507e30d35fe336e306b36498506977b3",
    "https://deno.land/std@0.170.0/log/levels.ts": "3043c0bf69b1de718488feb6e0ded2d64f6aef362fe73f762b506f32b1029ea2",
    "https://deno.land/std@0.170.0/log/logger.ts": "83fb231064a38736fbfd078fe6624e21ed2537733de7baa1cdd749b8c3c9d991",
    "https://deno.land/std@0.170.0/log/mod.ts": "6ff372a706ecef125a9fd455931ae00741d6408562c84cf2fbdc35a2c2a840af",
    "https://deno.land/std@0.66.0/_util/assert.ts": "e1f76e77c5ccb5a8e0dbbbe6cce3a56d2556c8cb5a9a8802fc9565af72462149",
    "https://deno.land/std@0.66.0/flags/mod.ts": "11f51e7fec72bfe01d531acb4e0b0ae54115439367377b088b3c6e7e7142918f",
    "https://deno.land/std@0.97.0/_util/assert.ts": "2f868145a042a11d5ad0a3c748dcf580add8a0dbc0e876eaa0026303a5488f58",
    "https://deno.land/std@0.97.0/bytes/bytes_list.ts": "a13287edb03f19d27ba4927dec6d6de3e5bd46254cd4aee6f7e5815810122673",
    "https://deno.land/std@0.97.0/bytes/mod.ts": "1ae1ccfe98c4b979f12b015982c7444f81fcb921bea7aa215bf37d84f46e1e13",
    "https://deno.land/std@0.97.0/fmt/colors.ts": "db22b314a2ae9430ae7460ce005e0a7130e23ae1c999157e3bb77cf55800f7e4",
    "https://deno.land/std@0.97.0/fs/exists.ts": "b0d2e31654819cc2a8d37df45d6b14686c0cc1d802e9ff09e902a63e98b85a00",
    "https://deno.land/std@0.97.0/io/buffer.ts": "ed3528e299fd1e0dc056c4b5005a07b28c3dabad2595f077a562ff7b06fe89a5",
    "https://deno.land/std@0.97.0/io/bufio.ts": "61d11414e83d2b504eb8ea2fca3c2670470ee2fe2e5fe82bdd81eb55dc11ac4a",
    "https://deno.land/std@0.97.0/io/types.d.ts": "89a27569399d380246ca7cdd9e14d5e68459f11fb6110790cc5ecbd4ee7f3215",
    "https://deno.land/std@0.97.0/io/util.ts": "318be78b7954da25f0faffe123fef0d9423ea61af98467e860c06b60265eff6d",
    "https://deno.land/std@0.97.0/log/handlers.ts": "d7f96064b1db110f66a4c51bda59eeb0698c0c13a1eeaccf85843bdb1d5a0b90",
    "https://deno.land/std@0.97.0/log/levels.ts": "088a883039ece5fa0da5f74bc7688654045ea7cb01bf200b438191a28d728eae",
    "https://deno.land/std@0.97.0/log/logger.ts": "6b2dd8cbe6f407100b9becfe61595d7681f8ce3692412fad843de84d617a038e",
    "https://deno.land/std@0.97.0/log/mod.ts": "91711789b28803082b1bdfb123d2c9685a7e01767f2e79c0a82706063ad964d8",
    "https://deno.land/std@0.97.0/testing/_diff.ts": "961eaf6d9f5b0a8556c9d835bbc6fa74f5addd7d3b02728ba7936ff93364f7a3",
    "https://deno.land/std@0.97.0/testing/asserts.ts": "341292d12eebc44be4c3c2ca101ba8b6b5859cef2fa69d50c217f9d0bfbcfd1f",
    "https://deno.land/x/branch@0.1.6/branch.ts": "73afddd373e16d12990c3419ecf2bb8a0a5cc55214ebf734638ff493c10889fb",
    "https://deno.land/x/branch@0.1.6/deps.ts": "545b894291831a03b72e43a8407c67739f7c4ae41c98b90b79bbb86d08362d20",
    "https://deno.land/x/branch@0.1.6/mod.ts": "08d49becec5bb0df08a582b87076d07a89af1733f6d17938bd8dba95744f7f84",
    "https://deno.land/x/denon@2.5.0/denon.ts": "6972278bbb30589fd8c4a22788dfc7e76589559422dbf035240312a4005f1119",
    "https://deno.land/x/denon@2.5.0/deps.ts": "c0e967b569fc8569d97c1e3c803131a52684520049db8d1d2271843b33bb5c8f",
    "https://deno.land/x/denon@2.5.0/info.ts": "14131eb43d562d63cdaf012e125f3e6cfc9939fd184697cc37afc01f9748850b",
    "https://deno.land/x/denon@2.5.0/src/args.ts": "f654ea46920048bf8f9f9efa8ddfe3f2cf7eca5c731495e4a533518aacb67a31",
    "https://deno.land/x/denon@2.5.0/src/cli.ts": "ce45886c48067529c66d38fc4fee391a451ea7072f290c9fa20808f67e3edd2d",
    "https://deno.land/x/denon@2.5.0/src/config.ts": "a129b632e50d41c48a4812a8295df3d7ef784d526541301d334e223e658a28a3",
    "https://deno.land/x/denon@2.5.0/src/daemon.ts": "1f3f23822171410a08939a73412cb5b7b87b47c3b8e58640ce450c032e968598",
    "https://deno.land/x/denon@2.5.0/src/merge.ts": "8824e4c9e77218a6875caa6445ee97b743f0c5e6a6b986c215bcf732e972ad27",
    "https://deno.land/x/denon@2.5.0/src/runner.ts": "5c2702415dcb96f171495c330053387023f211d13181919352f82a0c16a5cf13",
    "https://deno.land/x/denon@2.5.0/src/scripts.ts": "b05dc15a3a34ec9662db3164bcce6dae940a5f6b2d90a85309e4f7819614d8d7",
    "https://deno.land/x/denon@2.5.0/src/templates.ts": "fc27646efd09dca1166e6935d7bc19a6f19cfc71484ab72701cecaa3e1f3cc19",
    "https://deno.land/x/denon@2.5.0/src/watcher.ts": "88b279ca2fd9a4cc5765b5b9d316c5fe1b2c2e47397aa4308f113534f0ea4183",
    "https://deno.land/x/mock_fetch@0.3.0/mod.ts": "7e7806c65ab17b2b684c334c4e565812bdaf504a3e9c938d2bb52bb67428bc89",
    "https://esm.sh/linkedom@0.14.21": "aadd4207d558991cc17f406bdd55bca628d2f936319163758e6feda10669edfd",
    "https://esm.sh/v99/boolbase@1.0.0/deno/boolbase.js": "c2de9c6051e43e825cebf96303dccc8c84d84db898ee48f19cb64a52df887f31",
    "https://esm.sh/v99/canvas@2.10.2/deno/canvas.js": "88074f400f70e0232b40c1a9ea9ad5f4e69a141a6142882240489f99f07f892a",
    "https://esm.sh/v99/css-select@5.1.0/deno/css-select.js": "c02354225bb7320e060930c5590f60a1fdaecdfe050a9d7fe84af857372096fe",
    "https://esm.sh/v99/css-what@6.1.0/deno/css-what.js": "b748f3252b086c97e0acf4dcb786fd65e786d9c269e095a6454bbc9cd64bcfe3",
    "https://esm.sh/v99/cssom@0.5.0/deno/cssom.js": "7e95364494c05d636ba66d7a2bfaddfa9a2b0de1b53e9dc54ff7073451bba060",
    "https://esm.sh/v99/dom-serializer@2.0.0/deno/dom-serializer.js": "f89c408de063159478cab3c589cb36761a122c70f9045387bf1a431627c38476",
    "https://esm.sh/v99/domelementtype@2.3.0/deno/domelementtype.js": "2bbc5ada9929825ac019e137ffdb26fcf04e3eaccaf0e8d6786cd1b8bb8b8f63",
    "https://esm.sh/v99/domhandler@5.0.3/deno/domhandler.js": "3fcacefa0d1a3be598d6d69db02acfd804199a5112ae6665dfd54dba2d50cec5",
    "https://esm.sh/v99/domutils@3.0.1/deno/domutils.js": "fa8198d5be17106887e37afd615b546083c27b959c6373a52ea979b9e69764a6",
    "https://esm.sh/v99/entities@4.4.0/deno/entities.js": "0e86188f8e8e9b3e1b4c204bcaecae393d0f2c9545ddd67cb1c6e41412d93265",
    "https://esm.sh/v99/entities@4.4.0/deno/lib/decode.js": "899639d51d3861f1dae620e9dfa4b8ca1651d34a1c9465dcfd7226dba31c2459",
    "https://esm.sh/v99/entities@4.4.0/deno/lib/escape.js": "3046762ed5a3ccdbb174c5595b1c15d3c0bde7e897130434d0dfca63a1af1aea",
    "https://esm.sh/v99/htmlparser2@8.0.1/deno/htmlparser2.js": "2b06f0ade3330e6016aacaeba471aa33052a0093ae1ed648b018e1d4380949b3",
    "https://esm.sh/v99/linkedom@0.14.21/deno/linkedom.js": "bfce0772b305f189461eb4ffc8b768accd978b72dd1a39b4e45b85b3108c1cab",
    "https://esm.sh/v99/linkedom@0.14.21/types/esm/dom/parser.d.ts": "c60ecc623dd93910a50668a20b55f1d9ad5caa23af936a7f59a478e23467492e",
    "https://esm.sh/v99/linkedom@0.14.21/types/esm/html/anchor-element.d.ts": "8bcaf1ecf73af8bacb5cb382a1b75c1641175ba740d9d97c4d1d7c85e392d548",
    "https://esm.sh/v99/linkedom@0.14.21/types/esm/html/area-element.d.ts": "4765fbd1d58f74eea1cbf9da977cf0ec6ac4794fe749e6ac5ba42835bf38fb5e",
    "https://esm.sh/v99/linkedom@0.14.21/types/esm/html/audio-element.d.ts": "70f90797244ac0d7f1d7217a4cf5d084ce9c5a452778fe6bfbfc13f385735871",
    "https://esm.sh/v99/linkedom@0.14.21/types/esm/html/base-element.d.ts": "ed768f82ae3bf6c4c5f1df97f011ebf77524799fed2e533e50f8b7276e183ffa",
    "https://esm.sh/v99/linkedom@0.14.21/types/esm/html/body-element.d.ts": "5e9c88404224db99e0360df2928c73a1f89a92a10d6702bdd8575192055d20c6",
    "https://esm.sh/v99/linkedom@0.14.21/types/esm/html/br-element.d.ts": "321ac70ae41868699160733c1e0c04fec51eb906ee6d4c9a9ef94df637ee83f3",
    "https://esm.sh/v99/linkedom@0.14.21/types/esm/html/button-element.d.ts": "89487823edff51acb77bf8c0ae8bccd8d0573c509804affc49d3caa322903998",
    "https://esm.sh/v99/linkedom@0.14.21/types/esm/html/canvas-element.d.ts": "6d4ae26166480992fc5ab74dab48f639cb5268c76d8997bc754df5b1f2ad3ce5",
    "https://esm.sh/v99/linkedom@0.14.21/types/esm/html/d-list-element.d.ts": "a7a2e26ced2012dbdfcdeec871b4d82bf1efa9999ee82bc926536ee45d80a1c6",
    "https://esm.sh/v99/linkedom@0.14.21/types/esm/html/data-element.d.ts": "12f3a09d7a498cf55a1a4cec066f70d1a93436b35b88514a5c7ab0ad770341e9",
    "https://esm.sh/v99/linkedom@0.14.21/types/esm/html/data-list-element.d.ts": "a7395992018e0c10f3d543a80eb67c37112e051e00dd5907d6d9c391141da805",
    "https://esm.sh/v99/linkedom@0.14.21/types/esm/html/details-element.d.ts": "6286d6da09f2dacac76dc6f8e4041756ab4b3505d621db36f5e2bac042d7e25d",
    "https://esm.sh/v99/linkedom@0.14.21/types/esm/html/directory-element.d.ts": "0a518d3d8cf7f11f1dd310e9e8f200f7042dd97aa852bc71af693cf4fa573f36",
    "https://esm.sh/v99/linkedom@0.14.21/types/esm/html/div-element.d.ts": "118d866590eb246b40615b1cc8074c66e4d7c412153db798c55f9c0a4f51636e",
    "https://esm.sh/v99/linkedom@0.14.21/types/esm/html/document.d.ts": "fc6fe89143f5950527dc99f9280a614c9ecd735f43fa01a20050a5c0cc5c6bff",
    "https://esm.sh/v99/linkedom@0.14.21/types/esm/html/element.d.ts": "e66e87b06a83e45cc84606cdc32ce9876edf92314098b449cc649f989cb1b251",
    "https://esm.sh/v99/linkedom@0.14.21/types/esm/html/embed-element.d.ts": "fc246c0748d16b67147e8c753a9b9fab44d4205ed1b49dce99d05cef2b590b12",
    "https://esm.sh/v99/linkedom@0.14.21/types/esm/html/field-set-element.d.ts": "28e314a5030ae5fe19cf4347400c852eba85b95c0127bbe84ed71dbb9cee0328",
    "https://esm.sh/v99/linkedom@0.14.21/types/esm/html/font-element.d.ts": "abdfc7c7470c0bd9fb126d20be30e0ef151814519f708545ea412fee4f6e3296",
    "https://esm.sh/v99/linkedom@0.14.21/types/esm/html/form-element.d.ts": "18ae8498ff895f67df10604361664c4d0a67a40db81a32b048a9ae62ec1b62b9",
    "https://esm.sh/v99/linkedom@0.14.21/types/esm/html/frame-element.d.ts": "c88c7e73b2964143160ec23b3af1b29850417e3a2ef0f01bdef721c59c50029c",
    "https://esm.sh/v99/linkedom@0.14.21/types/esm/html/frame-set-element.d.ts": "7eb75209ba210df7e94c8a9c9d36f5471b298cf2793208a2d73e8b43dbd91657",
    "https://esm.sh/v99/linkedom@0.14.21/types/esm/html/head-element.d.ts": "625bf945dc118e6f0fd12333229b0b1e29a8b9b691f69bd9c0c9dbd518f81c4d",
    "https://esm.sh/v99/linkedom@0.14.21/types/esm/html/heading-element.d.ts": "4ad75e197c314290cd046d98d9ad47c893d0d397061e064329eec9f84a7de433",
    "https://esm.sh/v99/linkedom@0.14.21/types/esm/html/hr-element.d.ts": "54c27af4acdbaa3f38530a133fc5ec0c83815d0ff113c8d63d8a3deb090d59af",
    "https://esm.sh/v99/linkedom@0.14.21/types/esm/html/html-element.d.ts": "dce00833bff283a3e87881732f8b695cb7482f653f94b89244bc2ce7c5961f05",
    "https://esm.sh/v99/linkedom@0.14.21/types/esm/html/i-frame-element.d.ts": "c436790ad876efa74c7c5dc78ee1f676a0d49d81e54ae3bcfd436e6138e9ddd5",
    "https://esm.sh/v99/linkedom@0.14.21/types/esm/html/image-element.d.ts": "ad0cdfff322512a09c24112d28b89f0e665185888ca3e7656503a6993eb80fd7",
    "https://esm.sh/v99/linkedom@0.14.21/types/esm/html/input-element.d.ts": "f144d79007c635b50503b716a98f571a44010fbb38d60887e432ac7740e1ecc0",
    "https://esm.sh/v99/linkedom@0.14.21/types/esm/html/label-element.d.ts": "5aa7ccd180c2c82bc7e91de763fa72045519cd3a6ce2fce2d2ac52c7614fdc37",
    "https://esm.sh/v99/linkedom@0.14.21/types/esm/html/legend-element.d.ts": "08961496114ecdb2b6ce94ba2a3ad6fe52347ef0259b71a51fadafb5071f4559",
    "https://esm.sh/v99/linkedom@0.14.21/types/esm/html/li-element.d.ts": "dbed42b386b14b5ad080fdeed5c8d52c863cf0ae79fd16dab12942570c869720",
    "https://esm.sh/v99/linkedom@0.14.21/types/esm/html/link-element.d.ts": "3d1128f1bd85f6a2ab609c9a4a54caf8da9b7bddd4da2e5d0a7a03915ac61078",
    "https://esm.sh/v99/linkedom@0.14.21/types/esm/html/map-element.d.ts": "ee8a122664f5e7937855242611e1d6f3aec6a12aa7776db16bfcf33471c1019d",
    "https://esm.sh/v99/linkedom@0.14.21/types/esm/html/marquee-element.d.ts": "2c514bf878714c18802c21a62a0f1a47eb934d7a0e084ab5a9fd1f368c7ca77e",
    "https://esm.sh/v99/linkedom@0.14.21/types/esm/html/media-element.d.ts": "692752290db080fd3fd61a484c723e27fa12e09cec860226c33f15f5dfd6eade",
    "https://esm.sh/v99/linkedom@0.14.21/types/esm/html/menu-element.d.ts": "938097501f10421adf13a58599dd45b2b85e859d204e69930148475f7f271261",
    "https://esm.sh/v99/linkedom@0.14.21/types/esm/html/meta-element.d.ts": "1a8700cdd03e1a07673b58f857b19abcdfeb42f713dfba428610279aa9065d88",
    "https://esm.sh/v99/linkedom@0.14.21/types/esm/html/meter-element.d.ts": "6b60ff238d9a07e1caa5ba3f672dcfa9dd223880b885791ba027671f895507c7",
    "https://esm.sh/v99/linkedom@0.14.21/types/esm/html/mod-element.d.ts": "a90121eb8c57de494645ae6e3157e56b89c6a591056c1ec86f4f8a71e45c417a",
    "https://esm.sh/v99/linkedom@0.14.21/types/esm/html/o-list-element.d.ts": "daa7c3a48cf33711ee9c8c865472234940d8c39fc2155e155810a27f30e3f72f",
    "https://esm.sh/v99/linkedom@0.14.21/types/esm/html/object-element.d.ts": "04c5591672ad18e8ed193b0910806cf44bba02acb7fc2fee5248c88bad31413a",
    "https://esm.sh/v99/linkedom@0.14.21/types/esm/html/opt-group-element.d.ts": "81862f0a756fdef5e4226bfa0e44a692aa0aa1c8356269c8922aeb39be0313b7",
    "https://esm.sh/v99/linkedom@0.14.21/types/esm/html/option-element.d.ts": "4829e7caa4f8e3551b531de58566a91d7e0efd2605571e072c966ca961b2f542",
    "https://esm.sh/v99/linkedom@0.14.21/types/esm/html/output-element.d.ts": "afd533d5daeaa340896f9c86e73d7e09fa3713fe0cb18b735884edb86ac69c0a",
    "https://esm.sh/v99/linkedom@0.14.21/types/esm/html/paragraph-element.d.ts": "7960c75a2dd967b9ea64b86aebd8f8a462f396e5a770e9edadae10d7abbcd9c3",
    "https://esm.sh/v99/linkedom@0.14.21/types/esm/html/param-element.d.ts": "759f3e84e3754b60f13bedbaf8ce46babed258c3db83962f7d6baadceb6596b7",
    "https://esm.sh/v99/linkedom@0.14.21/types/esm/html/picture-element.d.ts": "d1f62e149cf25d0780bb461061c0f5cba1de4cdc33a7230fb098a546481345d6",
    "https://esm.sh/v99/linkedom@0.14.21/types/esm/html/pre-element.d.ts": "c2158d28051ff2aa37fd6afebbe4c924c3850558ff3781de102ff9cfca863836",
    "https://esm.sh/v99/linkedom@0.14.21/types/esm/html/progress-element.d.ts": "5d0489c331e2d7c0c0d1b0d5f2af97e31e2057541f8064b2ea52e54d69f4d8fa",
    "https://esm.sh/v99/linkedom@0.14.21/types/esm/html/quote-element.d.ts": "632a4b97dba3c766b772b484a8911aa8b07476d4c42be775b9ed35575fe3e4b1",
    "https://esm.sh/v99/linkedom@0.14.21/types/esm/html/script-element.d.ts": "afb7ec13bc88b778cc78ae3f73b8ff677b3e7a648028c4a63aafc53de8cdb69f",
    "https://esm.sh/v99/linkedom@0.14.21/types/esm/html/select-element.d.ts": "3dd222dba61e9944aa7c92a54248b6115078a98f52681b6d6a17afb534a9ee52",
    "https://esm.sh/v99/linkedom@0.14.21/types/esm/html/slot-element.d.ts": "f999de45d259f653704bfd15658657ebe490580f91ac186c384a9b5c552d51bd",
    "https://esm.sh/v99/linkedom@0.14.21/types/esm/html/source-element.d.ts": "86c50009cce58291eb3d31db5f5f1ffd1cf97fd492339e698e8310f7b047695c",
    "https://esm.sh/v99/linkedom@0.14.21/types/esm/html/span-element.d.ts": "bff95167f92ba81a026c00f24ad1201a4189b5ac3c18fdaf77f756e870f26b43",
    "https://esm.sh/v99/linkedom@0.14.21/types/esm/html/style-element.d.ts": "d8c64b600cb250bd526e27dc836b1cabb7c51ed5aca763b229962db625486203",
    "https://esm.sh/v99/linkedom@0.14.21/types/esm/html/table-caption-element.d.ts": "6f263985ce6576dbebbe14e158438681a8aae1137a5db2a6916b0d69400fa010",
    "https://esm.sh/v99/linkedom@0.14.21/types/esm/html/table-cell-element.d.ts": "713525429c03310678949df4b38e32af3d5b3dd82663e4ee19b611b235ad9c28",
    "https://esm.sh/v99/linkedom@0.14.21/types/esm/html/table-element.d.ts": "551cd35d7365e942d2e0cb9e079f8e7721d425e9b804b980a2d2c3585db3f8ec",
    "https://esm.sh/v99/linkedom@0.14.21/types/esm/html/table-row-element.d.ts": "a8ce834d27f9fb61dfc67f03fb904be8bd9e28264b7370984c775f2f387b3733",
    "https://esm.sh/v99/linkedom@0.14.21/types/esm/html/template-element.d.ts": "72f70880b9969dd95caafeedb41f4bc81eed973225eeee246d5443b0d0a47d6c",
    "https://esm.sh/v99/linkedom@0.14.21/types/esm/html/text-area-element.d.ts": "e39590b80494126fbc210e824e72c4017db141803c040d852d7e4d516e9a8524",
    "https://esm.sh/v99/linkedom@0.14.21/types/esm/html/text-element.d.ts": "e63bdaf90cb0e0e6aadd561138c10b5af0b439731c30bee08b8aedac8f6e128d",
    "https://esm.sh/v99/linkedom@0.14.21/types/esm/html/time-element.d.ts": "d48e2ae898d80d511df518542eb8b0338de692ce0337e650a10db24340c43be4",
    "https://esm.sh/v99/linkedom@0.14.21/types/esm/html/title-element.d.ts": "e81579998e8268a3653cdf2dc90dccdd572bfcb5644e5f1a32bb1aa107db853c",
    "https://esm.sh/v99/linkedom@0.14.21/types/esm/html/track-element.d.ts": "63fba63c9504f130734bfba63ab3ff54e51b45234d2283367b854cdc82ad45e2",
    "https://esm.sh/v99/linkedom@0.14.21/types/esm/html/u-list-element.d.ts": "bd62f62d2463032396e3f1419a8b5ddfb220fadcddedf7129f87fc2f7ef86e73",
    "https://esm.sh/v99/linkedom@0.14.21/types/esm/html/unknown-element.d.ts": "0c41fb108a65b6342e96d7c99fea70a22c5fbc6c7ddbf4bb030a565fd8d87ad8",
    "https://esm.sh/v99/linkedom@0.14.21/types/esm/html/video-element.d.ts": "ba3ee0bc838d5f3e73f046ecf6c283429c54119b291d23ef8680628b377895fa",
    "https://esm.sh/v99/linkedom@0.14.21/types/esm/index.d.ts": "58d4397286fc0a6f5d8c3d6578856ef224be4e2a20454a010cfdb51715b4f3cd",
    "https://esm.sh/v99/linkedom@0.14.21/types/esm/interface/attr.d.ts": "e482a921ee1d52a58d0a6a38b0ae809d56f0337c0af00dead493a1dbedf0b84b",
    "https://esm.sh/v99/linkedom@0.14.21/types/esm/interface/character-data.d.ts": "ca4fa979cbda03fb04c3750e622e25f1de9f6105c6f5edbe605d613f38d55a7d",
    "https://esm.sh/v99/linkedom@0.14.21/types/esm/interface/comment.d.ts": "41e605477ec2351afd251bebc0f6fe4d70626d02b0bcbee14155fbae406896ef",
    "https://esm.sh/v99/linkedom@0.14.21/types/esm/interface/custom-event.d.ts": "fb4e6b6564637592d0e4e35b42367a5001a7435e692a2c18656d990fc418de74",
    "https://esm.sh/v99/linkedom@0.14.21/types/esm/interface/document-fragment.d.ts": "d12fc6d3ddb81992d887421afb0eb8b2733a54242861e617f71020a8282349d2",
    "https://esm.sh/v99/linkedom@0.14.21/types/esm/interface/document-type.d.ts": "ba234f9e4fe4cf16982a99e2f4ac94403b7c08056c20b741fb30acfdcc6c4936",
    "https://esm.sh/v99/linkedom@0.14.21/types/esm/interface/document.d.ts": "7c97ad5c03ee08a8d30f38ab5f62cf5c4ee8cd5bb6b92736dcc7aa76c1b744ab",
    "https://esm.sh/v99/linkedom@0.14.21/types/esm/interface/element.d.ts": "37defcced20532b3c232a6c7998b2d46b143652266210bbb2b7571442786d15f",
    "https://esm.sh/v99/linkedom@0.14.21/types/esm/interface/event-target.d.ts": "9e62fe82312dbc8a6b9d19646b0c725e9261d04368f3ea79466dc6a3aee5631c",
    "https://esm.sh/v99/linkedom@0.14.21/types/esm/interface/event.d.ts": "d3fcbd9d89fe1774e5f5fee11b6bf9d3ec5da6b1aede32777f8cc6dc4b91c4b7",
    "https://esm.sh/v99/linkedom@0.14.21/types/esm/interface/input-event.d.ts": "35d488c8642c7411a344cf987efe3bd4db8f3c03796366e21d5bbc2a0f9732f3",
    "https://esm.sh/v99/linkedom@0.14.21/types/esm/interface/node-filter.d.ts": "2bd69d15b31d736ae79b7eaf1ef7c3afafbfc06b133834ff7bcc32392e6532ca",
    "https://esm.sh/v99/linkedom@0.14.21/types/esm/interface/node-list.d.ts": "f863a5b544f2d8d87aeaa3ec7afa3b02e212f5dfc066aebf41baba35696a6ea1",
    "https://esm.sh/v99/linkedom@0.14.21/types/esm/interface/node.d.ts": "3ad81885b5715bdfea5e891a9eb3b2ec41e35b945dcffed14d9d44ce91e1119e",
    "https://esm.sh/v99/linkedom@0.14.21/types/esm/interface/range.d.ts": "c8a3032c9efbb99774c822b9eb6c070f5c6be3accd34bba638213d5235ad3f9d",
    "https://esm.sh/v99/linkedom@0.14.21/types/esm/interface/shadow-root.d.ts": "96529a699f5f89854afd85d7459b35d74fa11518d0ca22cb5d32e302319fb5d3",
    "https://esm.sh/v99/linkedom@0.14.21/types/esm/interface/text.d.ts": "11683771207a5278618f0c35b426032a928e3bf1ce0537e394ec280a84a33785",
    "https://esm.sh/v99/linkedom@0.14.21/types/esm/interface/tree-walker.d.ts": "9c5bcc71b93f1ad7eff8e2bf507be72bb2955a11eab51a207c92cf12c8930ce6",
    "https://esm.sh/v99/linkedom@0.14.21/types/esm/mixin/non-element-parent-node.d.ts": "1d683e9ccbed8b6fbcd13a888edadec24b34637ea2fed0a699d74fff2d292b2e",
    "https://esm.sh/v99/linkedom@0.14.21/types/esm/mixin/parent-node.d.ts": "362df767f8769e15556b98bf28ec28ba2c015bc83920a234adb2c19f82352f9c",
    "https://esm.sh/v99/linkedom@0.14.21/types/esm/shared/constants.d.ts": "8bea98798af7f562283dccbeb08d54c8f2189cccd39e14780a5fda38186562c3",
    "https://esm.sh/v99/linkedom@0.14.21/types/esm/shared/facades.d.ts": "778b38f730bbe14613ba523dc27acaf9f7e9e2c2b3ce55f8aefc0d9feec7530a",
    "https://esm.sh/v99/linkedom@0.14.21/types/esm/shared/html-classes.d.ts": "ce71e0198a0e2604d3970a78d96a5335f48ec02ed9bebed4bde35ae1647110c2",
    "https://esm.sh/v99/linkedom@0.14.21/types/esm/shared/parse-json.d.ts": "05795e5530dbb90eed84938242a49d94588e6b4cedad1396f6867ebba1de3671",
    "https://esm.sh/v99/linkedom@0.14.21/types/esm/shared/symbols.d.ts": "0c2d4f2518cfea21985c2640c8d9d465746481bb9cfbabfcd75e5f7fbeab3a64",
    "https://esm.sh/v99/linkedom@0.14.21/types/esm/svg/document.d.ts": "f2600431b63e35ed333bc824816f43a5b037407e79d1f031004f8bea892eea41",
    "https://esm.sh/v99/linkedom@0.14.21/types/esm/svg/element.d.ts": "c4995ccffb6cfece153fde1ed04abb6ed195e834ea2c5126f15fa7d9b3667030",
    "https://esm.sh/v99/linkedom@0.14.21/types/esm/xml/document.d.ts": "6ba70daf6c217340e7d49cd4789f68563a11d4e4116019454ebc57960a38cc5e",
    "https://esm.sh/v99/nth-check@2.1.1/deno/nth-check.js": "cb4a0ff01008bf4a1f10d0a71dfeb1943d90a39d2edb07028600072344d49bb1",
    "https://esm.sh/v99/uhyphen@0.1.0/deno/uhyphen.js": "05a78ded7abcd93e04fed282d654f9fa316f8a576753a9c79a9b150d531821ea"
  }
}
